// !$*UTF8*$!
{
	archiveVersion = 1;
	classes = {
	};
	objectVersion = 56;
	objects = {

/* Begin PBXBuildFile section */
		AE8CB5192BCC12DA0064E607 /* AppDelegate.swift in Sources */ = {isa = PBXBuildFile; fileRef = AE8CB5182BCC12DA0064E607 /* AppDelegate.swift */; };
		AE8CB51B2BCC12DA0064E607 /* ContentView.swift in Sources */ = {isa = PBXBuildFile; fileRef = AE8CB51A2BCC12DA0064E607 /* ContentView.swift */; };
		AE8CB51D2BCC12DC0064E607 /* Assets.xcassets in Resources */ = {isa = PBXBuildFile; fileRef = AE8CB51C2BCC12DC0064E607 /* Assets.xcassets */; };
		AE8CB5202BCC12DC0064E607 /* Preview Assets.xcassets in Resources */ = {isa = PBXBuildFile; fileRef = AE8CB51F2BCC12DC0064E607 /* Preview Assets.xcassets */; };
		AE8CB52B2BCC148A0064E607 /* Bones.swift in Sources */ = {isa = PBXBuildFile; fileRef = AE8CB5262BCC148A0064E607 /* Bones.swift */; };
		AE8CB52C2BCC148A0064E607 /* ARViewContainer.swift in Sources */ = {isa = PBXBuildFile; fileRef = AE8CB5272BCC148A0064E607 /* ARViewContainer.swift */; };
		AE8CB52D2BCC148A0064E607 /* BodySkeleton.swift in Sources */ = {isa = PBXBuildFile; fileRef = AE8CB5282BCC148A0064E607 /* BodySkeleton.swift */; };
		AE8CB52E2BCC148A0064E607 /* SkeletonBone.swift in Sources */ = {isa = PBXBuildFile; fileRef = AE8CB5292BCC148A0064E607 /* SkeletonBone.swift */; };
		AE8CB52F2BCC148A0064E607 /* SkeletonJoint.swift in Sources */ = {isa = PBXBuildFile; fileRef = AE8CB52A2BCC148A0064E607 /* SkeletonJoint.swift */; };
		AE8CB5322BCC16BC0064E607 /* OpenSans_Condensed-SemiBold.ttf in Resources */ = {isa = PBXBuildFile; fileRef = AE8CB5312BCC16BC0064E607 /* OpenSans_Condensed-SemiBold.ttf */; };
/* End PBXBuildFile section */

/* Begin PBXFileReference section */
		AE8CB5152BCC12DA0064E607 /* ARtful.app */ = {isa = PBXFileReference; explicitFileType = wrapper.application; includeInIndex = 0; path = ARtful.app; sourceTree = BUILT_PRODUCTS_DIR; };
		AE8CB5182BCC12DA0064E607 /* AppDelegate.swift */ = {isa = PBXFileReference; lastKnownFileType = sourcecode.swift; path = AppDelegate.swift; sourceTree = "<group>"; };
		AE8CB51A2BCC12DA0064E607 /* ContentView.swift */ = {isa = PBXFileReference; lastKnownFileType = sourcecode.swift; path = ContentView.swift; sourceTree = "<group>"; };
		AE8CB51C2BCC12DC0064E607 /* Assets.xcassets */ = {isa = PBXFileReference; lastKnownFileType = folder.assetcatalog; path = Assets.xcassets; sourceTree = "<group>"; };
		AE8CB51F2BCC12DC0064E607 /* Preview Assets.xcassets */ = {isa = PBXFileReference; lastKnownFileType = folder.assetcatalog; path = "Preview Assets.xcassets"; sourceTree = "<group>"; };
		AE8CB5262BCC148A0064E607 /* Bones.swift */ = {isa = PBXFileReference; fileEncoding = 4; lastKnownFileType = sourcecode.swift; path = Bones.swift; sourceTree = "<group>"; };
		AE8CB5272BCC148A0064E607 /* ARViewContainer.swift */ = {isa = PBXFileReference; fileEncoding = 4; lastKnownFileType = sourcecode.swift; path = ARViewContainer.swift; sourceTree = "<group>"; };
		AE8CB5282BCC148A0064E607 /* BodySkeleton.swift */ = {isa = PBXFileReference; fileEncoding = 4; lastKnownFileType = sourcecode.swift; path = BodySkeleton.swift; sourceTree = "<group>"; };
		AE8CB5292BCC148A0064E607 /* SkeletonBone.swift */ = {isa = PBXFileReference; fileEncoding = 4; lastKnownFileType = sourcecode.swift; path = SkeletonBone.swift; sourceTree = "<group>"; };
		AE8CB52A2BCC148A0064E607 /* SkeletonJoint.swift */ = {isa = PBXFileReference; fileEncoding = 4; lastKnownFileType = sourcecode.swift; path = SkeletonJoint.swift; sourceTree = "<group>"; };
		AE8CB5302BCC14E90064E607 /* Info.plist */ = {isa = PBXFileReference; lastKnownFileType = text.plist; path = Info.plist; sourceTree = "<group>"; };
		AE8CB5312BCC16BC0064E607 /* OpenSans_Condensed-SemiBold.ttf */ = {isa = PBXFileReference; lastKnownFileType = file; path = "OpenSans_Condensed-SemiBold.ttf"; sourceTree = "<group>"; };
/* End PBXFileReference section */

/* Begin PBXFrameworksBuildPhase section */
		AE8CB5122BCC12DA0064E607 /* Frameworks */ = {
			isa = PBXFrameworksBuildPhase;
			buildActionMask = 2147483647;
			files = (
			);
			runOnlyForDeploymentPostprocessing = 0;
		};
/* End PBXFrameworksBuildPhase section */

/* Begin PBXGroup section */
		AE8CB50C2BCC12DA0064E607 = {
			isa = PBXGroup;
			children = (
				AE8CB5172BCC12DA0064E607 /* ARtful */,
				AE8CB5162BCC12DA0064E607 /* Products */,
			);
			sourceTree = "<group>";
		};
		AE8CB5162BCC12DA0064E607 /* Products */ = {
			isa = PBXGroup;
			children = (
				AE8CB5152BCC12DA0064E607 /* ARtful.app */,
			);
			name = Products;
			sourceTree = "<group>";
		};
		AE8CB5172BCC12DA0064E607 /* ARtful */ = {
			isa = PBXGroup;
			children = (
				AE8CB5302BCC14E90064E607 /* Info.plist */,
				AE8CB5312BCC16BC0064E607 /* OpenSans_Condensed-SemiBold.ttf */,
				AE8CB5182BCC12DA0064E607 /* AppDelegate.swift */,
				AE8CB51A2BCC12DA0064E607 /* ContentView.swift */,
				AE8CB5272BCC148A0064E607 /* ARViewContainer.swift */,
				AE8CB5282BCC148A0064E607 /* BodySkeleton.swift */,
				AE8CB5262BCC148A0064E607 /* Bones.swift */,
				AE8CB5292BCC148A0064E607 /* SkeletonBone.swift */,
				AE8CB52A2BCC148A0064E607 /* SkeletonJoint.swift */,
				AE8CB51C2BCC12DC0064E607 /* Assets.xcassets */,
				AE8CB51E2BCC12DC0064E607 /* Preview Content */,
			);
			path = ARtful;
			sourceTree = "<group>";
		};
		AE8CB51E2BCC12DC0064E607 /* Preview Content */ = {
			isa = PBXGroup;
			children = (
				AE8CB51F2BCC12DC0064E607 /* Preview Assets.xcassets */,
			);
			path = "Preview Content";
			sourceTree = "<group>";
		};
/* End PBXGroup section */

/* Begin PBXNativeTarget section */
		AE8CB5142BCC12DA0064E607 /* ARtful */ = {
			isa = PBXNativeTarget;
			buildConfigurationList = AE8CB5232BCC12DC0064E607 /* Build configuration list for PBXNativeTarget "ARtful" */;
			buildPhases = (
				AE8CB5112BCC12DA0064E607 /* Sources */,
				AE8CB5122BCC12DA0064E607 /* Frameworks */,
				AE8CB5132BCC12DA0064E607 /* Resources */,
			);
			buildRules = (
			);
			dependencies = (
			);
			name = ARtful;
			productName = ARtful;
			productReference = AE8CB5152BCC12DA0064E607 /* ARtful.app */;
			productType = "com.apple.product-type.application";
		};
/* End PBXNativeTarget section */

/* Begin PBXProject section */
		AE8CB50D2BCC12DA0064E607 /* Project object */ = {
			isa = PBXProject;
			attributes = {
				BuildIndependentTargetsInParallel = 1;
				LastSwiftUpdateCheck = 1530;
				LastUpgradeCheck = 1530;
				TargetAttributes = {
					AE8CB5142BCC12DA0064E607 = {
						CreatedOnToolsVersion = 15.3;
					};
				};
			};
			buildConfigurationList = AE8CB5102BCC12DA0064E607 /* Build configuration list for PBXProject "ARtful" */;
			compatibilityVersion = "Xcode 14.0";
			developmentRegion = en;
			hasScannedForEncodings = 0;
			knownRegions = (
				en,
				Base,
			);
			mainGroup = AE8CB50C2BCC12DA0064E607;
			productRefGroup = AE8CB5162BCC12DA0064E607 /* Products */;
			projectDirPath = "";
			projectRoot = "";
			targets = (
				AE8CB5142BCC12DA0064E607 /* ARtful */,
			);
		};
/* End PBXProject section */

/* Begin PBXResourcesBuildPhase section */
		AE8CB5132BCC12DA0064E607 /* Resources */ = {
			isa = PBXResourcesBuildPhase;
			buildActionMask = 2147483647;
			files = (
				AE8CB5202BCC12DC0064E607 /* Preview Assets.xcassets in Resources */,
				AE8CB51D2BCC12DC0064E607 /* Assets.xcassets in Resources */,
				AE8CB5322BCC16BC0064E607 /* OpenSans_Condensed-SemiBold.ttf in Resources */,
			);
			runOnlyForDeploymentPostprocessing = 0;
		};
/* End PBXResourcesBuildPhase section */

/* Begin PBXSourcesBuildPhase section */
		AE8CB5112BCC12DA0064E607 /* Sources */ = {
			isa = PBXSourcesBuildPhase;
			buildActionMask = 2147483647;
			files = (
				AE8CB51B2BCC12DA0064E607 /* ContentView.swift in Sources */,
				AE8CB52C2BCC148A0064E607 /* ARViewContainer.swift in Sources */,
				AE8CB52E2BCC148A0064E607 /* SkeletonBone.swift in Sources */,
				AE8CB52D2BCC148A0064E607 /* BodySkeleton.swift in Sources */,
				AE8CB52B2BCC148A0064E607 /* Bones.swift in Sources */,
				AE8CB52F2BCC148A0064E607 /* SkeletonJoint.swift in Sources */,
				AE8CB5192BCC12DA0064E607 /* AppDelegate.swift in Sources */,
			);
			runOnlyForDeploymentPostprocessing = 0;
		};
/* End PBXSourcesBuildPhase section */

/* Begin XCBuildConfiguration section */
		AE8CB5212BCC12DC0064E607 /* Debug */ = {
			isa = XCBuildConfiguration;
			buildSettings = {
				ALWAYS_SEARCH_USER_PATHS = NO;
				ASSETCATALOG_COMPILER_GENERATE_SWIFT_ASSET_SYMBOL_EXTENSIONS = YES;
				CLANG_ANALYZER_NONNULL = YES;
				CLANG_ANALYZER_NUMBER_OBJECT_CONVERSION = YES_AGGRESSIVE;
				CLANG_CXX_LANGUAGE_STANDARD = "gnu++20";
				CLANG_ENABLE_MODULES = YES;
				CLANG_ENABLE_OBJC_ARC = YES;
				CLANG_ENABLE_OBJC_WEAK = YES;
				CLANG_WARN_BLOCK_CAPTURE_AUTORELEASING = YES;
				CLANG_WARN_BOOL_CONVERSION = YES;
				CLANG_WARN_COMMA = YES;
				CLANG_WARN_CONSTANT_CONVERSION = YES;
				CLANG_WARN_DEPRECATED_OBJC_IMPLEMENTATIONS = YES;
				CLANG_WARN_DIRECT_OBJC_ISA_USAGE = YES_ERROR;
				CLANG_WARN_DOCUMENTATION_COMMENTS = YES;
				CLANG_WARN_EMPTY_BODY = YES;
				CLANG_WARN_ENUM_CONVERSION = YES;
				CLANG_WARN_INFINITE_RECURSION = YES;
				CLANG_WARN_INT_CONVERSION = YES;
				CLANG_WARN_NON_LITERAL_NULL_CONVERSION = YES;
				CLANG_WARN_OBJC_IMPLICIT_RETAIN_SELF = YES;
				CLANG_WARN_OBJC_LITERAL_CONVERSION = YES;
				CLANG_WARN_OBJC_ROOT_CLASS = YES_ERROR;
				CLANG_WARN_QUOTED_INCLUDE_IN_FRAMEWORK_HEADER = YES;
				CLANG_WARN_RANGE_LOOP_ANALYSIS = YES;
				CLANG_WARN_STRICT_PROTOTYPES = YES;
				CLANG_WARN_SUSPICIOUS_MOVE = YES;
				CLANG_WARN_UNGUARDED_AVAILABILITY = YES_AGGRESSIVE;
				CLANG_WARN_UNREACHABLE_CODE = YES;
				CLANG_WARN__DUPLICATE_METHOD_MATCH = YES;
				COPY_PHASE_STRIP = NO;
				DEBUG_INFORMATION_FORMAT = dwarf;
				ENABLE_STRICT_OBJC_MSGSEND = YES;
				ENABLE_TESTABILITY = YES;
				ENABLE_USER_SCRIPT_SANDBOXING = YES;
				GCC_C_LANGUAGE_STANDARD = gnu17;
				GCC_DYNAMIC_NO_PIC = NO;
				GCC_NO_COMMON_BLOCKS = YES;
				GCC_OPTIMIZATION_LEVEL = 0;
				GCC_PREPROCESSOR_DEFINITIONS = (
					"DEBUG=1",
					"$(inherited)",
				);
				GCC_WARN_64_TO_32_BIT_CONVERSION = YES;
				GCC_WARN_ABOUT_RETURN_TYPE = YES_ERROR;
				GCC_WARN_UNDECLARED_SELECTOR = YES;
				GCC_WARN_UNINITIALIZED_AUTOS = YES_AGGRESSIVE;
				GCC_WARN_UNUSED_FUNCTION = YES;
				GCC_WARN_UNUSED_VARIABLE = YES;
				IPHONEOS_DEPLOYMENT_TARGET = 17.4;
				LOCALIZATION_PREFERS_STRING_CATALOGS = YES;
				MTL_ENABLE_DEBUG_INFO = INCLUDE_SOURCE;
				MTL_FAST_MATH = YES;
				ONLY_ACTIVE_ARCH = YES;
				SDKROOT = iphoneos;
				SWIFT_ACTIVE_COMPILATION_CONDITIONS = "DEBUG $(inherited)";
				SWIFT_OPTIMIZATION_LEVEL = "-Onone";
			};
			name = Debug;
		};
		AE8CB5222BCC12DC0064E607 /* Release */ = {
			isa = XCBuildConfiguration;
			buildSettings = {
				ALWAYS_SEARCH_USER_PATHS = NO;
				ASSETCATALOG_COMPILER_GENERATE_SWIFT_ASSET_SYMBOL_EXTENSIONS = YES;
				CLANG_ANALYZER_NONNULL = YES;
				CLANG_ANALYZER_NUMBER_OBJECT_CONVERSION = YES_AGGRESSIVE;
				CLANG_CXX_LANGUAGE_STANDARD = "gnu++20";
				CLANG_ENABLE_MODULES = YES;
				CLANG_ENABLE_OBJC_ARC = YES;
				CLANG_ENABLE_OBJC_WEAK = YES;
				CLANG_WARN_BLOCK_CAPTURE_AUTORELEASING = YES;
				CLANG_WARN_BOOL_CONVERSION = YES;
				CLANG_WARN_COMMA = YES;
				CLANG_WARN_CONSTANT_CONVERSION = YES;
				CLANG_WARN_DEPRECATED_OBJC_IMPLEMENTATIONS = YES;
				CLANG_WARN_DIRECT_OBJC_ISA_USAGE = YES_ERROR;
				CLANG_WARN_DOCUMENTATION_COMMENTS = YES;
				CLANG_WARN_EMPTY_BODY = YES;
				CLANG_WARN_ENUM_CONVERSION = YES;
				CLANG_WARN_INFINITE_RECURSION = YES;
				CLANG_WARN_INT_CONVERSION = YES;
				CLANG_WARN_NON_LITERAL_NULL_CONVERSION = YES;
				CLANG_WARN_OBJC_IMPLICIT_RETAIN_SELF = YES;
				CLANG_WARN_OBJC_LITERAL_CONVERSION = YES;
				CLANG_WARN_OBJC_ROOT_CLASS = YES_ERROR;
				CLANG_WARN_QUOTED_INCLUDE_IN_FRAMEWORK_HEADER = YES;
				CLANG_WARN_RANGE_LOOP_ANALYSIS = YES;
				CLANG_WARN_STRICT_PROTOTYPES = YES;
				CLANG_WARN_SUSPICIOUS_MOVE = YES;
				CLANG_WARN_UNGUARDED_AVAILABILITY = YES_AGGRESSIVE;
				CLANG_WARN_UNREACHABLE_CODE = YES;
				CLANG_WARN__DUPLICATE_METHOD_MATCH = YES;
				COPY_PHASE_STRIP = NO;
				DEBUG_INFORMATION_FORMAT = "dwarf-with-dsym";
				ENABLE_NS_ASSERTIONS = NO;
				ENABLE_STRICT_OBJC_MSGSEND = YES;
				ENABLE_USER_SCRIPT_SANDBOXING = YES;
				GCC_C_LANGUAGE_STANDARD = gnu17;
				GCC_NO_COMMON_BLOCKS = YES;
				GCC_WARN_64_TO_32_BIT_CONVERSION = YES;
				GCC_WARN_ABOUT_RETURN_TYPE = YES_ERROR;
				GCC_WARN_UNDECLARED_SELECTOR = YES;
				GCC_WARN_UNINITIALIZED_AUTOS = YES_AGGRESSIVE;
				GCC_WARN_UNUSED_FUNCTION = YES;
				GCC_WARN_UNUSED_VARIABLE = YES;
				IPHONEOS_DEPLOYMENT_TARGET = 17.4;
				LOCALIZATION_PREFERS_STRING_CATALOGS = YES;
				MTL_ENABLE_DEBUG_INFO = NO;
				MTL_FAST_MATH = YES;
				SDKROOT = iphoneos;
				SWIFT_COMPILATION_MODE = wholemodule;
				VALIDATE_PRODUCT = YES;
			};
			name = Release;
		};
		AE8CB5242BCC12DC0064E607 /* Debug */ = {
			isa = XCBuildConfiguration;
			buildSettings = {
				ASSETCATALOG_COMPILER_APPICON_NAME = AppIcon;
				ASSETCATALOG_COMPILER_GLOBAL_ACCENT_COLOR_NAME = AccentColor;
				CODE_SIGN_STYLE = Automatic;
				CURRENT_PROJECT_VERSION = 1;
				DEVELOPMENT_ASSET_PATHS = "\"ARtful/Preview Content\"";
				DEVELOPMENT_TEAM = JWWRMVGGLT;
				ENABLE_PREVIEWS = YES;
				GENERATE_INFOPLIST_FILE = YES;
				INFOPLIST_FILE = ARtful/Info.plist;
				INFOPLIST_KEY_NSCameraUsageDescription = "";
				INFOPLIST_KEY_UIApplicationSupportsIndirectInputEvents = YES;
				INFOPLIST_KEY_UILaunchScreen_Generation = YES;
				INFOPLIST_KEY_UIRequiredDeviceCapabilities = arkit;
				INFOPLIST_KEY_UIStatusBarHidden = YES;
				INFOPLIST_KEY_UISupportedInterfaceOrientations_iPad = "UIInterfaceOrientationPortrait UIInterfaceOrientationPortraitUpsideDown UIInterfaceOrientationLandscapeLeft UIInterfaceOrientationLandscapeRight";
				INFOPLIST_KEY_UISupportedInterfaceOrientations_iPhone = "UIInterfaceOrientationPortrait UIInterfaceOrientationLandscapeLeft UIInterfaceOrientationLandscapeRight";
				LD_RUNPATH_SEARCH_PATHS = (
					"$(inherited)",
					"@executable_path/Frameworks",
				);
				MARKETING_VERSION = 1.0;
				PRODUCT_BUNDLE_IDENTIFIER = Zerowave.ARtful;
				PRODUCT_NAME = "$(TARGET_NAME)";
				SWIFT_EMIT_LOC_STRINGS = YES;
				SWIFT_VERSION = 5.0;
				TARGETED_DEVICE_FAMILY = "1,2";
			};
			name = Debug;
		};
		AE8CB5252BCC12DC0064E607 /* Release */ = {
			isa = XCBuildConfiguration;
			buildSettings = {
				ASSETCATALOG_COMPILER_APPICON_NAME = AppIcon;
				ASSETCATALOG_COMPILER_GLOBAL_ACCENT_COLOR_NAME = AccentColor;
				CODE_SIGN_STYLE = Automatic;
				CURRENT_PROJECT_VERSION = 1;
				DEVELOPMENT_ASSET_PATHS = "\"ARtful/Preview Content\"";
				DEVELOPMENT_TEAM = JWWRMVGGLT;
				ENABLE_PREVIEWS = YES;
				GENERATE_INFOPLIST_FILE = YES;
				INFOPLIST_FILE = ARtful/Info.plist;
				INFOPLIST_KEY_NSCameraUsageDescription = "";
				INFOPLIST_KEY_UIApplicationSupportsIndirectInputEvents = YES;
				INFOPLIST_KEY_UILaunchScreen_Generation = YES;
				INFOPLIST_KEY_UIRequiredDeviceCapabilities = arkit;
				INFOPLIST_KEY_UIStatusBarHidden = YES;
				INFOPLIST_KEY_UISupportedInterfaceOrientations_iPad = "UIInterfaceOrientationPortrait UIInterfaceOrientationPortraitUpsideDown UIInterfaceOrientationLandscapeLeft UIInterfaceOrientationLandscapeRight";
				INFOPLIST_KEY_UISupportedInterfaceOrientations_iPhone = "UIInterfaceOrientationPortrait UIInterfaceOrientationLandscapeLeft UIInterfaceOrientationLandscapeRight";
				LD_RUNPATH_SEARCH_PATHS = (
					"$(inherited)",
					"@executable_path/Frameworks",
				);
				MARKETING_VERSION = 1.0;
				PRODUCT_BUNDLE_IDENTIFIER = Zerowave.ARtful;
				PRODUCT_NAME = "$(TARGET_NAME)";
				SWIFT_EMIT_LOC_STRINGS = YES;
				SWIFT_VERSION = 5.0;
				TARGETED_DEVICE_FAMILY = "1,2";
			};
			name = Release;
		};
/* End XCBuildConfiguration section */

/* Begin XCConfigurationList section */
		AE8CB5102BCC12DA0064E607 /* Build configuration list for PBXProject "ARtful" */ = {
			isa = XCConfigurationList;
			buildConfigurations = (
				AE8CB5212BCC12DC0064E607 /* Debug */,
				AE8CB5222BCC12DC0064E607 /* Release */,
			);
			defaultConfigurationIsVisible = 0;
			defaultConfigurationName = Release;
		};
		AE8CB5232BCC12DC0064E607 /* Build configuration list for PBXNativeTarget "ARtful" */ = {
			isa = XCConfigurationList;
			buildConfigurations = (
				AE8CB5242BCC12DC0064E607 /* Debug */,
				AE8CB5252BCC12DC0064E607 /* Release */,
			);
			defaultConfigurationIsVisible = 0;
			defaultConfigurationName = Release;
		};
/* End XCConfigurationList section */
	};
	rootObject = AE8CB50D2BCC12DA0064E607 /* Project object */;
}
